
Microsoft Visual Studio Solution File, Format Version 12.00
# Visual Studio Version 17
VisualStudioVersion = 17.1.32414.318
MinimumVisualStudioVersion = 10.0.40219.1
Project("{FAE04EC0-301F-11D3-BF4B-00C04F79EFBC}") = "KhatiExtendEFNugetImplementation", "KhatiExtendEFNugetImplementation\KhatiExtendEFNugetImplementation.csproj", "{457E165B-4174-411E-B49B-C22BA703B39A}"
EndProject
Project("{FAE04EC0-301F-11D3-BF4B-00C04F79EFBC}") = "DAL", "DAL\DAL.csproj", "{CDCB8204-4DE7-47E7-9840-78DBF8B4726B}"
EndProject
Global
	GlobalSection(SolutionConfigurationPlatforms) = preSolution
		Debug|Any CPU = Debug|Any CPU
		Release|Any CPU = Release|Any CPU
	EndGlobalSection
	GlobalSection(ProjectConfigurationPlatforms) = postSolution
		{457E165B-4174-411E-B49B-C22BA703B39A}.Debug|Any CPU.ActiveCfg = Debug|Any CPU
		{457E165B-4174-411E-B49B-C22BA703B39A}.Debug|Any CPU.Build.0 = Debug|Any CPU
		{457E165B-4174-411E-B49B-C22BA703B39A}.Release|Any CPU.ActiveCfg = Release|Any CPU
		{457E165B-4174-411E-B49B-C22BA703B39A}.Release|Any CPU.Build.0 = Release|Any CPU
		{CDCB8204-4DE7-47E7-9840-78DBF8B4726B}.Debug|Any CPU.ActiveCfg = Debug|Any CPU
		{CDCB8204-4DE7-47E7-9840-78DBF8B4726B}.Debug|Any CPU.Build.0 = Debug|Any CPU
		{CDCB8204-4DE7-47E7-9840-78DBF8B4726B}.Release|Any CPU.ActiveCfg = Release|Any CPU
		{CDCB8204-4DE7-47E7-9840-78DBF8B4726B}.Release|Any CPU.Build.0 = Release|Any CPU
	EndGlobalSection
	GlobalSection(SolutionProperties) = preSolution
		HideSolutionNode = FALSE
	EndGlobalSection
	GlobalSection(ExtensibilityGlobals) = postSolution
		SolutionGuid = {696BAFD1-211A-4B57-80AC-F7CF1188571E}
	EndGlobalSection
EndGlobal
